
Microsoft Visual Studio Solution File, Format Version 12.00
# Visual Studio 15
VisualStudioVersion = 15.0.28307.329
MinimumVisualStudioVersion = 10.0.40219.1
Project("{8BC9CEB8-8B4A-11D0-8D11-00A0C91BC942}") = "asn4", "asn4\asn4.vcxproj", "{B08A8A53-A31E-4600-B482-C3E998C6007C}"
EndProject
Project("{2150E333-8FDC-42A3-9474-1A3956D46DE8}") = "Solution Items", "Solution Items", "{8ACB57F0-6B2A-4601-BDBF-FF6D9BE1AA7A}"
	ProjectSection(SolutionItems) = preProject
		asn4\readme.txt = asn4\readme.txt
	EndProjectSection
EndProject
Global
	GlobalSection(SolutionConfigurationPlatforms) = preSolution
		Debug|x64 = Debug|x64
		Debug|x86 = Debug|x86
		Release|x64 = Release|x64
		Release|x86 = Release|x86
	EndGlobalSection
	GlobalSection(ProjectConfigurationPlatforms) = postSolution
		{B08A8A53-A31E-4600-B482-C3E998C6007C}.Debug|x64.ActiveCfg = Debug|x64
		{B08A8A53-A31E-4600-B482-C3E998C6007C}.Debug|x64.Build.0 = Debug|x64
		{B08A8A53-A31E-4600-B482-C3E998C6007C}.Debug|x86.ActiveCfg = Debug|Win32
		{B08A8A53-A31E-4600-B482-C3E998C6007C}.Debug|x86.Build.0 = Debug|Win32
		{B08A8A53-A31E-4600-B482-C3E998C6007C}.Release|x64.ActiveCfg = Release|x64
		{B08A8A53-A31E-4600-B482-C3E998C6007C}.Release|x64.Build.0 = Release|x64
		{B08A8A53-A31E-4600-B482-C3E998C6007C}.Release|x86.ActiveCfg = Release|Win32
		{B08A8A53-A31E-4600-B482-C3E998C6007C}.Release|x86.Build.0 = Release|Win32
	EndGlobalSection
	GlobalSection(SolutionProperties) = preSolution
		HideSolutionNode = FALSE
	EndGlobalSection
	GlobalSection(ExtensibilityGlobals) = postSolution
		SolutionGuid = {164EAF8E-456E-4482-8B55-B265DE672FA4}
	EndGlobalSection
EndGlobal
